
Microsoft Visual Studio Solution File, Format Version 12.00
# Visual Studio Version 17
VisualStudioVersion = 17.4.33213.308
MinimumVisualStudioVersion = 10.0.40219.1
Project("{FAE04EC0-301F-11D3-BF4B-00C04F79EFBC}") = "Sales.Shared", "Sales.Shared\Sales.Shared.csproj", "{D613B096-4061-4310-A5EF-5FB62318F5FD}"
EndProject
Project("{FAE04EC0-301F-11D3-BF4B-00C04F79EFBC}") = "Slaes.API", "Slaes.API\Slaes.API.csproj", "{EE9CB09E-A279-4F72-AF9F-7DA5B82C61C2}"
EndProject
Project("{FAE04EC0-301F-11D3-BF4B-00C04F79EFBC}") = "Sales.WEB", "Sales.WEB\Sales.WEB.csproj", "{77B63168-BB77-4D6E-B55D-3B8ECAE11B4C}"
EndProject
Project("{FAE04EC0-301F-11D3-BF4B-00C04F79EFBC}") = "Sales.Mobile", "Sales.Mobile\Sales.Mobile.csproj", "{4A251265-DDA1-4575-A141-A710A8D163B9}"
EndProject
Global
	GlobalSection(SolutionConfigurationPlatforms) = preSolution
		Debug|Any CPU = Debug|Any CPU
		Release|Any CPU = Release|Any CPU
	EndGlobalSection
	GlobalSection(ProjectConfigurationPlatforms) = postSolution
		{D613B096-4061-4310-A5EF-5FB62318F5FD}.Debug|Any CPU.ActiveCfg = Debug|Any CPU
		{D613B096-4061-4310-A5EF-5FB62318F5FD}.Debug|Any CPU.Build.0 = Debug|Any CPU
		{D613B096-4061-4310-A5EF-5FB62318F5FD}.Release|Any CPU.ActiveCfg = Release|Any CPU
		{D613B096-4061-4310-A5EF-5FB62318F5FD}.Release|Any CPU.Build.0 = Release|Any CPU
		{EE9CB09E-A279-4F72-AF9F-7DA5B82C61C2}.Debug|Any CPU.ActiveCfg = Debug|Any CPU
		{EE9CB09E-A279-4F72-AF9F-7DA5B82C61C2}.Debug|Any CPU.Build.0 = Debug|Any CPU
		{EE9CB09E-A279-4F72-AF9F-7DA5B82C61C2}.Release|Any CPU.ActiveCfg = Release|Any CPU
		{EE9CB09E-A279-4F72-AF9F-7DA5B82C61C2}.Release|Any CPU.Build.0 = Release|Any CPU
		{77B63168-BB77-4D6E-B55D-3B8ECAE11B4C}.Debug|Any CPU.ActiveCfg = Debug|Any CPU
		{77B63168-BB77-4D6E-B55D-3B8ECAE11B4C}.Debug|Any CPU.Build.0 = Debug|Any CPU
		{77B63168-BB77-4D6E-B55D-3B8ECAE11B4C}.Release|Any CPU.ActiveCfg = Release|Any CPU
		{77B63168-BB77-4D6E-B55D-3B8ECAE11B4C}.Release|Any CPU.Build.0 = Release|Any CPU
		{4A251265-DDA1-4575-A141-A710A8D163B9}.Debug|Any CPU.ActiveCfg = Debug|Any CPU
		{4A251265-DDA1-4575-A141-A710A8D163B9}.Debug|Any CPU.Build.0 = Debug|Any CPU
		{4A251265-DDA1-4575-A141-A710A8D163B9}.Debug|Any CPU.Deploy.0 = Debug|Any CPU
		{4A251265-DDA1-4575-A141-A710A8D163B9}.Release|Any CPU.ActiveCfg = Release|Any CPU
		{4A251265-DDA1-4575-A141-A710A8D163B9}.Release|Any CPU.Build.0 = Release|Any CPU
		{4A251265-DDA1-4575-A141-A710A8D163B9}.Release|Any CPU.Deploy.0 = Release|Any CPU
	EndGlobalSection
	GlobalSection(SolutionProperties) = preSolution
		HideSolutionNode = FALSE
	EndGlobalSection
	GlobalSection(ExtensibilityGlobals) = postSolution
		SolutionGuid = {9BB31BCB-7563-4B6D-968A-77F79B85002C}
	EndGlobalSection
EndGlobal
